
Microsoft Visual Studio Solution File, Format Version 12.00
# Visual Studio 15
VisualStudioVersion = 15.0.28307.168
MinimumVisualStudioVersion = 10.0.40219.1
Project("{6EC3EE1D-3C4E-46DD-8F32-0CC8E7565705}") = "FSharpSandbox", "FSharpSandbox\FSharpSandbox.fsproj", "{E15E78EE-741F-4C0C-958F-412FA75BDF11}"
EndProject
Global
	GlobalSection(SolutionConfigurationPlatforms) = preSolution
		Debug|Any CPU = Debug|Any CPU
		Release|Any CPU = Release|Any CPU
	EndGlobalSection
	GlobalSection(ProjectConfigurationPlatforms) = postSolution
		{E15E78EE-741F-4C0C-958F-412FA75BDF11}.Debug|Any CPU.ActiveCfg = Debug|Any CPU
		{E15E78EE-741F-4C0C-958F-412FA75BDF11}.Debug|Any CPU.Build.0 = Debug|Any CPU
		{E15E78EE-741F-4C0C-958F-412FA75BDF11}.Release|Any CPU.ActiveCfg = Release|Any CPU
		{E15E78EE-741F-4C0C-958F-412FA75BDF11}.Release|Any CPU.Build.0 = Release|Any CPU
	EndGlobalSection
	GlobalSection(SolutionProperties) = preSolution
		HideSolutionNode = FALSE
	EndGlobalSection
	GlobalSection(ExtensibilityGlobals) = postSolution
		SolutionGuid = {F6C5AFDB-1CC7-4CF2-BC56-026270F70FB6}
	EndGlobalSection
EndGlobal
